// !$*UTF8*$!
{
	archiveVersion = 1;
	classes = {
	};
	objectVersion = 55;
	objects = {

/* Begin PBXBuildFile section */
		7CA7AE7528893CB000501BAB /* AppDelegate.swift in Sources */ = {isa = PBXBuildFile; fileRef = 7CA7AE7428893CB000501BAB /* AppDelegate.swift */; };
		7CA7AE7728893CB000501BAB /* SceneDelegate.swift in Sources */ = {isa = PBXBuildFile; fileRef = 7CA7AE7628893CB000501BAB /* SceneDelegate.swift */; };
		7CA7AE7928893CB000501BAB /* ViewController.swift in Sources */ = {isa = PBXBuildFile; fileRef = 7CA7AE7828893CB000501BAB /* ViewController.swift */; };
		7CA7AE7C28893CB000501BAB /* Main.storyboard in Resources */ = {isa = PBXBuildFile; fileRef = 7CA7AE7A28893CB000501BAB /* Main.storyboard */; };
		7CA7AE7F28893CB000501BAB /* gitCheck.xcdatamodeld in Sources */ = {isa = PBXBuildFile; fileRef = 7CA7AE7D28893CB000501BAB /* gitCheck.xcdatamodeld */; };
		7CA7AE8128893CB300501BAB /* Assets.xcassets in Resources */ = {isa = PBXBuildFile; fileRef = 7CA7AE8028893CB300501BAB /* Assets.xcassets */; };
		7CA7AE8428893CB300501BAB /* LaunchScreen.storyboard in Resources */ = {isa = PBXBuildFile; fileRef = 7CA7AE8228893CB300501BAB /* LaunchScreen.storyboard */; };
		7CA7AE8F28893CB300501BAB /* gitCheckTests.swift in Sources */ = {isa = PBXBuildFile; fileRef = 7CA7AE8E28893CB300501BAB /* gitCheckTests.swift */; };
		7CA7AE9928893CB300501BAB /* gitCheckUITests.swift in Sources */ = {isa = PBXBuildFile; fileRef = 7CA7AE9828893CB300501BAB /* gitCheckUITests.swift */; };
		7CA7AE9B28893CB300501BAB /* gitCheckUITestsLaunchTests.swift in Sources */ = {isa = PBXBuildFile; fileRef = 7CA7AE9A28893CB300501BAB /* gitCheckUITestsLaunchTests.swift */; };
/* End PBXBuildFile section */

/* Begin PBXContainerItemProxy section */
		7CA7AE8B28893CB300501BAB /* PBXContainerItemProxy */ = {
			isa = PBXContainerItemProxy;
			containerPortal = 7CA7AE6928893CB000501BAB /* Project object */;
			proxyType = 1;
			remoteGlobalIDString = 7CA7AE7028893CB000501BAB;
			remoteInfo = gitCheck;
		};
		7CA7AE9528893CB300501BAB /* PBXContainerItemProxy */ = {
			isa = PBXContainerItemProxy;
			containerPortal = 7CA7AE6928893CB000501BAB /* Project object */;
			proxyType = 1;
			remoteGlobalIDString = 7CA7AE7028893CB000501BAB;
			remoteInfo = gitCheck;
		};
/* End PBXContainerItemProxy section */

/* Begin PBXFileReference section */
		7CA7AE7128893CB000501BAB /* gitCheck.app */ = {isa = PBXFileReference; explicitFileType = wrapper.application; includeInIndex = 0; path = gitCheck.app; sourceTree = BUILT_PRODUCTS_DIR; };
		7CA7AE7428893CB000501BAB /* AppDelegate.swift */ = {isa = PBXFileReference; lastKnownFileType = sourcecode.swift; path = AppDelegate.swift; sourceTree = "<group>"; };
		7CA7AE7628893CB000501BAB /* SceneDelegate.swift */ = {isa = PBXFileReference; lastKnownFileType = sourcecode.swift; path = SceneDelegate.swift; sourceTree = "<group>"; };
		7CA7AE7828893CB000501BAB /* ViewController.swift */ = {isa = PBXFileReference; lastKnownFileType = sourcecode.swift; path = ViewController.swift; sourceTree = "<group>"; };
		7CA7AE7B28893CB000501BAB /* Base */ = {isa = PBXFileReference; lastKnownFileType = file.storyboard; name = Base; path = Base.lproj/Main.storyboard; sourceTree = "<group>"; };
		7CA7AE7E28893CB000501BAB /* gitCheck.xcdatamodel */ = {isa = PBXFileReference; lastKnownFileType = wrapper.xcdatamodel; path = gitCheck.xcdatamodel; sourceTree = "<group>"; };
		7CA7AE8028893CB300501BAB /* Assets.xcassets */ = {isa = PBXFileReference; lastKnownFileType = folder.assetcatalog; path = Assets.xcassets; sourceTree = "<group>"; };
		7CA7AE8328893CB300501BAB /* Base */ = {isa = PBXFileReference; lastKnownFileType = file.storyboard; name = Base; path = Base.lproj/LaunchScreen.storyboard; sourceTree = "<group>"; };
		7CA7AE8528893CB300501BAB /* Info.plist */ = {isa = PBXFileReference; lastKnownFileType = text.plist.xml; path = Info.plist; sourceTree = "<group>"; };
		7CA7AE8A28893CB300501BAB /* gitCheckTests.xctest */ = {isa = PBXFileReference; explicitFileType = wrapper.cfbundle; includeInIndex = 0; path = gitCheckTests.xctest; sourceTree = BUILT_PRODUCTS_DIR; };
		7CA7AE8E28893CB300501BAB /* gitCheckTests.swift */ = {isa = PBXFileReference; lastKnownFileType = sourcecode.swift; path = gitCheckTests.swift; sourceTree = "<group>"; };
		7CA7AE9428893CB300501BAB /* gitCheckUITests.xctest */ = {isa = PBXFileReference; explicitFileType = wrapper.cfbundle; includeInIndex = 0; path = gitCheckUITests.xctest; sourceTree = BUILT_PRODUCTS_DIR; };
		7CA7AE9828893CB300501BAB /* gitCheckUITests.swift */ = {isa = PBXFileReference; lastKnownFileType = sourcecode.swift; path = gitCheckUITests.swift; sourceTree = "<group>"; };
		7CA7AE9A28893CB300501BAB /* gitCheckUITestsLaunchTests.swift */ = {isa = PBXFileReference; lastKnownFileType = sourcecode.swift; path = gitCheckUITestsLaunchTests.swift; sourceTree = "<group>"; };
/* End PBXFileReference section */

/* Begin PBXFrameworksBuildPhase section */
		7CA7AE6E28893CB000501BAB /* Frameworks */ = {
			isa = PBXFrameworksBuildPhase;
			buildActionMask = 2147483647;
			files = (
			);
			runOnlyForDeploymentPostprocessing = 0;
		};
		7CA7AE8728893CB300501BAB /* Frameworks */ = {
			isa = PBXFrameworksBuildPhase;
			buildActionMask = 2147483647;
			files = (
			);
			runOnlyForDeploymentPostprocessing = 0;
		};
		7CA7AE9128893CB300501BAB /* Frameworks */ = {
			isa = PBXFrameworksBuildPhase;
			buildActionMask = 2147483647;
			files = (
			);
			runOnlyForDeploymentPostprocessing = 0;
		};
/* End PBXFrameworksBuildPhase section */

/* Begin PBXGroup section */
		7CA7AE6828893CB000501BAB = {
			isa = PBXGroup;
			children = (
				7CA7AE7328893CB000501BAB /* gitCheck */,
				7CA7AE8D28893CB300501BAB /* gitCheckTests */,
				7CA7AE9728893CB300501BAB /* gitCheckUITests */,
				7CA7AE7228893CB000501BAB /* Products */,
			);
			sourceTree = "<group>";
		};
		7CA7AE7228893CB000501BAB /* Products */ = {
			isa = PBXGroup;
			children = (
				7CA7AE7128893CB000501BAB /* gitCheck.app */,
				7CA7AE8A28893CB300501BAB /* gitCheckTests.xctest */,
				7CA7AE9428893CB300501BAB /* gitCheckUITests.xctest */,
			);
			name = Products;
			sourceTree = "<group>";
		};
		7CA7AE7328893CB000501BAB /* gitCheck */ = {
			isa = PBXGroup;
			children = (
				7CA7AE7428893CB000501BAB /* AppDelegate.swift */,
				7CA7AE7628893CB000501BAB /* SceneDelegate.swift */,
				7CA7AE7828893CB000501BAB /* ViewController.swift */,
				7CA7AE7A28893CB000501BAB /* Main.storyboard */,
				7CA7AE8028893CB300501BAB /* Assets.xcassets */,
				7CA7AE8228893CB300501BAB /* LaunchScreen.storyboard */,
				7CA7AE8528893CB300501BAB /* Info.plist */,
				7CA7AE7D28893CB000501BAB /* gitCheck.xcdatamodeld */,
			);
			path = gitCheck;
			sourceTree = "<group>";
		};
		7CA7AE8D28893CB300501BAB /* gitCheckTests */ = {
			isa = PBXGroup;
			children = (
				7CA7AE8E28893CB300501BAB /* gitCheckTests.swift */,
			);
			path = gitCheckTests;
			sourceTree = "<group>";
		};
		7CA7AE9728893CB300501BAB /* gitCheckUITests */ = {
			isa = PBXGroup;
			children = (
				7CA7AE9828893CB300501BAB /* gitCheckUITests.swift */,
				7CA7AE9A28893CB300501BAB /* gitCheckUITestsLaunchTests.swift */,
			);
			path = gitCheckUITests;
			sourceTree = "<group>";
		};
/* End PBXGroup section */

/* Begin PBXNativeTarget section */
		7CA7AE7028893CB000501BAB /* gitCheck */ = {
			isa = PBXNativeTarget;
			buildConfigurationList = 7CA7AE9E28893CB300501BAB /* Build configuration list for PBXNativeTarget "gitCheck" */;
			buildPhases = (
				7CA7AE6D28893CB000501BAB /* Sources */,
				7CA7AE6E28893CB000501BAB /* Frameworks */,
				7CA7AE6F28893CB000501BAB /* Resources */,
			);
			buildRules = (
			);
			dependencies = (
			);
			name = gitCheck;
			productName = gitCheck;
			productReference = 7CA7AE7128893CB000501BAB /* gitCheck.app */;
			productType = "com.apple.product-type.application";
		};
		7CA7AE8928893CB300501BAB /* gitCheckTests */ = {
			isa = PBXNativeTarget;
			buildConfigurationList = 7CA7AEA128893CB300501BAB /* Build configuration list for PBXNativeTarget "gitCheckTests" */;
			buildPhases = (
				7CA7AE8628893CB300501BAB /* Sources */,
				7CA7AE8728893CB300501BAB /* Frameworks */,
				7CA7AE8828893CB300501BAB /* Resources */,
			);
			buildRules = (
			);
			dependencies = (
				7CA7AE8C28893CB300501BAB /* PBXTargetDependency */,
			);
			name = gitCheckTests;
			productName = gitCheckTests;
			productReference = 7CA7AE8A28893CB300501BAB /* gitCheckTests.xctest */;
			productType = "com.apple.product-type.bundle.unit-test";
		};
		7CA7AE9328893CB300501BAB /* gitCheckUITests */ = {
			isa = PBXNativeTarget;
			buildConfigurationList = 7CA7AEA428893CB300501BAB /* Build configuration list for PBXNativeTarget "gitCheckUITests" */;
			buildPhases = (
				7CA7AE9028893CB300501BAB /* Sources */,
				7CA7AE9128893CB300501BAB /* Frameworks */,
				7CA7AE9228893CB300501BAB /* Resources */,
			);
			buildRules = (
			);
			dependencies = (
				7CA7AE9628893CB300501BAB /* PBXTargetDependency */,
			);
			name = gitCheckUITests;
			productName = gitCheckUITests;
			productReference = 7CA7AE9428893CB300501BAB /* gitCheckUITests.xctest */;
			productType = "com.apple.product-type.bundle.ui-testing";
		};
/* End PBXNativeTarget section */

/* Begin PBXProject section */
		7CA7AE6928893CB000501BAB /* Project object */ = {
			isa = PBXProject;
			attributes = {
				BuildIndependentTargetsInParallel = 1;
				LastSwiftUpdateCheck = 1320;
				LastUpgradeCheck = 1320;
				TargetAttributes = {
					7CA7AE7028893CB000501BAB = {
						CreatedOnToolsVersion = 13.2.1;
					};
					7CA7AE8928893CB300501BAB = {
						CreatedOnToolsVersion = 13.2.1;
						TestTargetID = 7CA7AE7028893CB000501BAB;
					};
					7CA7AE9328893CB300501BAB = {
						CreatedOnToolsVersion = 13.2.1;
						TestTargetID = 7CA7AE7028893CB000501BAB;
					};
				};
			};
			buildConfigurationList = 7CA7AE6C28893CB000501BAB /* Build configuration list for PBXProject "gitCheck" */;
			compatibilityVersion = "Xcode 13.0";
			developmentRegion = en;
			hasScannedForEncodings = 0;
			knownRegions = (
				en,
				Base,
			);
			mainGroup = 7CA7AE6828893CB000501BAB;
			productRefGroup = 7CA7AE7228893CB000501BAB /* Products */;
			projectDirPath = "";
			projectRoot = "";
			targets = (
				7CA7AE7028893CB000501BAB /* gitCheck */,
				7CA7AE8928893CB300501BAB /* gitCheckTests */,
				7CA7AE9328893CB300501BAB /* gitCheckUITests */,
			);
		};
/* End PBXProject section */

/* Begin PBXResourcesBuildPhase section */
		7CA7AE6F28893CB000501BAB /* Resources */ = {
			isa = PBXResourcesBuildPhase;
			buildActionMask = 2147483647;
			files = (
				7CA7AE8428893CB300501BAB /* LaunchScreen.storyboard in Resources */,
				7CA7AE8128893CB300501BAB /* Assets.xcassets in Resources */,
				7CA7AE7C28893CB000501BAB /* Main.storyboard in Resources */,
			);
			runOnlyForDeploymentPostprocessing = 0;
		};
		7CA7AE8828893CB300501BAB /* Resources */ = {
			isa = PBXResourcesBuildPhase;
			buildActionMask = 2147483647;
			files = (
			);
			runOnlyForDeploymentPostprocessing = 0;
		};
		7CA7AE9228893CB300501BAB /* Resources */ = {
			isa = PBXResourcesBuildPhase;
			buildActionMask = 2147483647;
			files = (
			);
			runOnlyForDeploymentPostprocessing = 0;
		};
/* End PBXResourcesBuildPhase section */

/* Begin PBXSourcesBuildPhase section */
		7CA7AE6D28893CB000501BAB /* Sources */ = {
			isa = PBXSourcesBuildPhase;
			buildActionMask = 2147483647;
			files = (
				7CA7AE7928893CB000501BAB /* ViewController.swift in Sources */,
				7CA7AE7528893CB000501BAB /* AppDelegate.swift in Sources */,
				7CA7AE7728893CB000501BAB /* SceneDelegate.swift in Sources */,
				7CA7AE7F28893CB000501BAB /* gitCheck.xcdatamodeld in Sources */,
			);
			runOnlyForDeploymentPostprocessing = 0;
		};
		7CA7AE8628893CB300501BAB /* Sources */ = {
			isa = PBXSourcesBuildPhase;
			buildActionMask = 2147483647;
			files = (
				7CA7AE8F28893CB300501BAB /* gitCheckTests.swift in Sources */,
			);
			runOnlyForDeploymentPostprocessing = 0;
		};
		7CA7AE9028893CB300501BAB /* Sources */ = {
			isa = PBXSourcesBuildPhase;
			buildActionMask = 2147483647;
			files = (
				7CA7AE9B28893CB300501BAB /* gitCheckUITestsLaunchTests.swift in Sources */,
				7CA7AE9928893CB300501BAB /* gitCheckUITests.swift in Sources */,
			);
			runOnlyForDeploymentPostprocessing = 0;
		};
/* End PBXSourcesBuildPhase section */

/* Begin PBXTargetDependency section */
		7CA7AE8C28893CB300501BAB /* PBXTargetDependency */ = {
			isa = PBXTargetDependency;
			target = 7CA7AE7028893CB000501BAB /* gitCheck */;
			targetProxy = 7CA7AE8B28893CB300501BAB /* PBXContainerItemProxy */;
		};
		7CA7AE9628893CB300501BAB /* PBXTargetDependency */ = {
			isa = PBXTargetDependency;
			target = 7CA7AE7028893CB000501BAB /* gitCheck */;
			targetProxy = 7CA7AE9528893CB300501BAB /* PBXContainerItemProxy */;
		};
/* End PBXTargetDependency section */

/* Begin PBXVariantGroup section */
		7CA7AE7A28893CB000501BAB /* Main.storyboard */ = {
			isa = PBXVariantGroup;
			children = (
				7CA7AE7B28893CB000501BAB /* Base */,
			);
			name = Main.storyboard;
			sourceTree = "<group>";
		};
		7CA7AE8228893CB300501BAB /* LaunchScreen.storyboard */ = {
			isa = PBXVariantGroup;
			children = (
				7CA7AE8328893CB300501BAB /* Base */,
			);
			name = LaunchScreen.storyboard;
			sourceTree = "<group>";
		};
/* End PBXVariantGroup section */

/* Begin XCBuildConfiguration section */
		7CA7AE9C28893CB300501BAB /* Debug */ = {
			isa = XCBuildConfiguration;
			buildSettings = {
				ALWAYS_SEARCH_USER_PATHS = NO;
				CLANG_ANALYZER_NONNULL = YES;
				CLANG_ANALYZER_NUMBER_OBJECT_CONVERSION = YES_AGGRESSIVE;
				CLANG_CXX_LANGUAGE_STANDARD = "gnu++17";
				CLANG_CXX_LIBRARY = "libc++";
				CLANG_ENABLE_MODULES = YES;
				CLANG_ENABLE_OBJC_ARC = YES;
				CLANG_ENABLE_OBJC_WEAK = YES;
				CLANG_WARN_BLOCK_CAPTURE_AUTORELEASING = YES;
				CLANG_WARN_BOOL_CONVERSION = YES;
				CLANG_WARN_COMMA = YES;
				CLANG_WARN_CONSTANT_CONVERSION = YES;
				CLANG_WARN_DEPRECATED_OBJC_IMPLEMENTATIONS = YES;
				CLANG_WARN_DIRECT_OBJC_ISA_USAGE = YES_ERROR;
				CLANG_WARN_DOCUMENTATION_COMMENTS = YES;
				CLANG_WARN_EMPTY_BODY = YES;
				CLANG_WARN_ENUM_CONVERSION = YES;
				CLANG_WARN_INFINITE_RECURSION = YES;
				CLANG_WARN_INT_CONVERSION = YES;
				CLANG_WARN_NON_LITERAL_NULL_CONVERSION = YES;
				CLANG_WARN_OBJC_IMPLICIT_RETAIN_SELF = YES;
				CLANG_WARN_OBJC_LITERAL_CONVERSION = YES;
				CLANG_WARN_OBJC_ROOT_CLASS = YES_ERROR;
				CLANG_WARN_QUOTED_INCLUDE_IN_FRAMEWORK_HEADER = YES;
				CLANG_WARN_RANGE_LOOP_ANALYSIS = YES;
				CLANG_WARN_STRICT_PROTOTYPES = YES;
				CLANG_WARN_SUSPICIOUS_MOVE = YES;
				CLANG_WARN_UNGUARDED_AVAILABILITY = YES_AGGRESSIVE;
				CLANG_WARN_UNREACHABLE_CODE = YES;
				CLANG_WARN__DUPLICATE_METHOD_MATCH = YES;
				COPY_PHASE_STRIP = NO;
				DEBUG_INFORMATION_FORMAT = dwarf;
				ENABLE_STRICT_OBJC_MSGSEND = YES;
				ENABLE_TESTABILITY = YES;
				GCC_C_LANGUAGE_STANDARD = gnu11;
				GCC_DYNAMIC_NO_PIC = NO;
				GCC_NO_COMMON_BLOCKS = YES;
				GCC_OPTIMIZATION_LEVEL = 0;
				GCC_PREPROCESSOR_DEFINITIONS = (
					"DEBUG=1",
					"$(inherited)",
				);
				GCC_WARN_64_TO_32_BIT_CONVERSION = YES;
				GCC_WARN_ABOUT_RETURN_TYPE = YES_ERROR;
				GCC_WARN_UNDECLARED_SELECTOR = YES;
				GCC_WARN_UNINITIALIZED_AUTOS = YES_AGGRESSIVE;
				GCC_WARN_UNUSED_FUNCTION = YES;
				GCC_WARN_UNUSED_VARIABLE = YES;
				IPHONEOS_DEPLOYMENT_TARGET = 15.2;
				MTL_ENABLE_DEBUG_INFO = INCLUDE_SOURCE;
				MTL_FAST_MATH = YES;
				ONLY_ACTIVE_ARCH = YES;
				SDKROOT = iphoneos;
				SWIFT_ACTIVE_COMPILATION_CONDITIONS = DEBUG;
				SWIFT_OPTIMIZATION_LEVEL = "-Onone";
			};
			name = Debug;
		};
		7CA7AE9D28893CB300501BAB /* Release */ = {
			isa = XCBuildConfiguration;
			buildSettings = {
				ALWAYS_SEARCH_USER_PATHS = NO;
				CLANG_ANALYZER_NONNULL = YES;
				CLANG_ANALYZER_NUMBER_OBJECT_CONVERSION = YES_AGGRESSIVE;
				CLANG_CXX_LANGUAGE_STANDARD = "gnu++17";
				CLANG_CXX_LIBRARY = "libc++";
				CLANG_ENABLE_MODULES = YES;
				CLANG_ENABLE_OBJC_ARC = YES;
				CLANG_ENABLE_OBJC_WEAK = YES;
				CLANG_WARN_BLOCK_CAPTURE_AUTORELEASING = YES;
				CLANG_WARN_BOOL_CONVERSION = YES;
				CLANG_WARN_COMMA = YES;
				CLANG_WARN_CONSTANT_CONVERSION = YES;
				CLANG_WARN_DEPRECATED_OBJC_IMPLEMENTATIONS = YES;
				CLANG_WARN_DIRECT_OBJC_ISA_USAGE = YES_ERROR;
				CLANG_WARN_DOCUMENTATION_COMMENTS = YES;
				CLANG_WARN_EMPTY_BODY = YES;
				CLANG_WARN_ENUM_CONVERSION = YES;
				CLANG_WARN_INFINITE_RECURSION = YES;
				CLANG_WARN_INT_CONVERSION = YES;
				CLANG_WARN_NON_LITERAL_NULL_CONVERSION = YES;
				CLANG_WARN_OBJC_IMPLICIT_RETAIN_SELF = YES;
				CLANG_WARN_OBJC_LITERAL_CONVERSION = YES;
				CLANG_WARN_OBJC_ROOT_CLASS = YES_ERROR;
				CLANG_WARN_QUOTED_INCLUDE_IN_FRAMEWORK_HEADER = YES;
				CLANG_WARN_RANGE_LOOP_ANALYSIS = YES;
				CLANG_WARN_STRICT_PROTOTYPES = YES;
				CLANG_WARN_SUSPICIOUS_MOVE = YES;
				CLANG_WARN_UNGUARDED_AVAILABILITY = YES_AGGRESSIVE;
				CLANG_WARN_UNREACHABLE_CODE = YES;
				CLANG_WARN__DUPLICATE_METHOD_MATCH = YES;
				COPY_PHASE_STRIP = NO;
				DEBUG_INFORMATION_FORMAT = "dwarf-with-dsym";
				ENABLE_NS_ASSERTIONS = NO;
				ENABLE_STRICT_OBJC_MSGSEND = YES;
				GCC_C_LANGUAGE_STANDARD = gnu11;
				GCC_NO_COMMON_BLOCKS = YES;
				GCC_WARN_64_TO_32_BIT_CONVERSION = YES;
				GCC_WARN_ABOUT_RETURN_TYPE = YES_ERROR;
				GCC_WARN_UNDECLARED_SELECTOR = YES;
				GCC_WARN_UNINITIALIZED_AUTOS = YES_AGGRESSIVE;
				GCC_WARN_UNUSED_FUNCTION = YES;
				GCC_WARN_UNUSED_VARIABLE = YES;
				IPHONEOS_DEPLOYMENT_TARGET = 15.2;
				MTL_ENABLE_DEBUG_INFO = NO;
				MTL_FAST_MATH = YES;
				SDKROOT = iphoneos;
				SWIFT_COMPILATION_MODE = wholemodule;
				SWIFT_OPTIMIZATION_LEVEL = "-O";
				VALIDATE_PRODUCT = YES;
			};
			name = Release;
		};
		7CA7AE9F28893CB300501BAB /* Debug */ = {
			isa = XCBuildConfiguration;
			buildSettings = {
				ASSETCATALOG_COMPILER_APPICON_NAME = AppIcon;
				ASSETCATALOG_COMPILER_GLOBAL_ACCENT_COLOR_NAME = AccentColor;
				CODE_SIGN_STYLE = Automatic;
				CURRENT_PROJECT_VERSION = 1;
				DEVELOPMENT_TEAM = Z79AP97AWD;
				GENERATE_INFOPLIST_FILE = YES;
				INFOPLIST_FILE = gitCheck/Info.plist;
				INFOPLIST_KEY_UIApplicationSupportsIndirectInputEvents = YES;
				INFOPLIST_KEY_UILaunchStoryboardName = LaunchScreen;
				INFOPLIST_KEY_UIMainStoryboardFile = Main;
				INFOPLIST_KEY_UISupportedInterfaceOrientations_iPad = "UIInterfaceOrientationPortrait UIInterfaceOrientationPortraitUpsideDown UIInterfaceOrientationLandscapeLeft UIInterfaceOrientationLandscapeRight";
				INFOPLIST_KEY_UISupportedInterfaceOrientations_iPhone = "UIInterfaceOrientationPortrait UIInterfaceOrientationLandscapeLeft UIInterfaceOrientationLandscapeRight";
				LD_RUNPATH_SEARCH_PATHS = (
					"$(inherited)",
					"@executable_path/Frameworks",
				);
				MARKETING_VERSION = 1.0;
				PRODUCT_BUNDLE_IDENTIFIER = ABC.gitCheck;
				PRODUCT_NAME = "$(TARGET_NAME)";
				SWIFT_EMIT_LOC_STRINGS = YES;
				SWIFT_VERSION = 5.0;
				TARGETED_DEVICE_FAMILY = "1,2";
			};
			name = Debug;
		};
		7CA7AEA028893CB300501BAB /* Release */ = {
			isa = XCBuildConfiguration;
			buildSettings = {
				ASSETCATALOG_COMPILER_APPICON_NAME = AppIcon;
				ASSETCATALOG_COMPILER_GLOBAL_ACCENT_COLOR_NAME = AccentColor;
				CODE_SIGN_STYLE = Automatic;
				CURRENT_PROJECT_VERSION = 1;
				DEVELOPMENT_TEAM = Z79AP97AWD;
				GENERATE_INFOPLIST_FILE = YES;
				INFOPLIST_FILE = gitCheck/Info.plist;
				INFOPLIST_KEY_UIApplicationSupportsIndirectInputEvents = YES;
				INFOPLIST_KEY_UILaunchStoryboardName = LaunchScreen;
				INFOPLIST_KEY_UIMainStoryboardFile = Main;
				INFOPLIST_KEY_UISupportedInterfaceOrientations_iPad = "UIInterfaceOrientationPortrait UIInterfaceOrientationPortraitUpsideDown UIInterfaceOrientationLandscapeLeft UIInterfaceOrientationLandscapeRight";
				INFOPLIST_KEY_UISupportedInterfaceOrientations_iPhone = "UIInterfaceOrientationPortrait UIInterfaceOrientationLandscapeLeft UIInterfaceOrientationLandscapeRight";
				LD_RUNPATH_SEARCH_PATHS = (
					"$(inherited)",
					"@executable_path/Frameworks",
				);
				MARKETING_VERSION = 1.0;
				PRODUCT_BUNDLE_IDENTIFIER = ABC.gitCheck;
				PRODUCT_NAME = "$(TARGET_NAME)";
				SWIFT_EMIT_LOC_STRINGS = YES;
				SWIFT_VERSION = 5.0;
				TARGETED_DEVICE_FAMILY = "1,2";
			};
			name = Release;
		};
		7CA7AEA228893CB300501BAB /* Debug */ = {
			isa = XCBuildConfiguration;
			buildSettings = {
				ALWAYS_EMBED_SWIFT_STANDARD_LIBRARIES = YES;
				BUNDLE_LOADER = "$(TEST_HOST)";
				CODE_SIGN_STYLE = Automatic;
				CURRENT_PROJECT_VERSION = 1;
				DEVELOPMENT_TEAM = Z79AP97AWD;
				GENERATE_INFOPLIST_FILE = YES;
				IPHONEOS_DEPLOYMENT_TARGET = 15.2;
				MARKETING_VERSION = 1.0;
				PRODUCT_BUNDLE_IDENTIFIER = ABC.gitCheckTests;
				PRODUCT_NAME = "$(TARGET_NAME)";
				SWIFT_EMIT_LOC_STRINGS = NO;
				SWIFT_VERSION = 5.0;
				TARGETED_DEVICE_FAMILY = "1,2";
				TEST_HOST = "$(BUILT_PRODUCTS_DIR)/gitCheck.app/gitCheck";
			};
			name = Debug;
		};
		7CA7AEA328893CB300501BAB /* Release */ = {
			isa = XCBuildConfiguration;
			buildSettings = {
				ALWAYS_EMBED_SWIFT_STANDARD_LIBRARIES = YES;
				BUNDLE_LOADER = "$(TEST_HOST)";
				CODE_SIGN_STYLE = Automatic;
				CURRENT_PROJECT_VERSION = 1;
				DEVELOPMENT_TEAM = Z79AP97AWD;
				GENERATE_INFOPLIST_FILE = YES;
				IPHONEOS_DEPLOYMENT_TARGET = 15.2;
				MARKETING_VERSION = 1.0;
				PRODUCT_BUNDLE_IDENTIFIER = ABC.gitCheckTests;
				PRODUCT_NAME = "$(TARGET_NAME)";
				SWIFT_EMIT_LOC_STRINGS = NO;
				SWIFT_VERSION = 5.0;
				TARGETED_DEVICE_FAMILY = "1,2";
				TEST_HOST = "$(BUILT_PRODUCTS_DIR)/gitCheck.app/gitCheck";
			};
			name = Release;
		};
		7CA7AEA528893CB300501BAB /* Debug */ = {
			isa = XCBuildConfiguration;
			buildSettings = {
				ALWAYS_EMBED_SWIFT_STANDARD_LIBRARIES = YES;
				CODE_SIGN_STYLE = Automatic;
				CURRENT_PROJECT_VERSION = 1;
				DEVELOPMENT_TEAM = Z79AP97AWD;
				GENERATE_INFOPLIST_FILE = YES;
				MARKETING_VERSION = 1.0;
				PRODUCT_BUNDLE_IDENTIFIER = ABC.gitCheckUITests;
				PRODUCT_NAME = "$(TARGET_NAME)";
				SWIFT_EMIT_LOC_STRINGS = NO;
				SWIFT_VERSION = 5.0;
				TARGETED_DEVICE_FAMILY = "1,2";
				TEST_TARGET_NAME = gitCheck;
			};
			name = Debug;
		};
		7CA7AEA628893CB300501BAB /* Release */ = {
			isa = XCBuildConfiguration;
			buildSettings = {
				ALWAYS_EMBED_SWIFT_STANDARD_LIBRARIES = YES;
				CODE_SIGN_STYLE = Automatic;
				CURRENT_PROJECT_VERSION = 1;
				DEVELOPMENT_TEAM = Z79AP97AWD;
				GENERATE_INFOPLIST_FILE = YES;
				MARKETING_VERSION = 1.0;
				PRODUCT_BUNDLE_IDENTIFIER = ABC.gitCheckUITests;
				PRODUCT_NAME = "$(TARGET_NAME)";
				SWIFT_EMIT_LOC_STRINGS = NO;
				SWIFT_VERSION = 5.0;
				TARGETED_DEVICE_FAMILY = "1,2";
				TEST_TARGET_NAME = gitCheck;
			};
			name = Release;
		};
/* End XCBuildConfiguration section */

/* Begin XCConfigurationList section */
		7CA7AE6C28893CB000501BAB /* Build configuration list for PBXProject "gitCheck" */ = {
			isa = XCConfigurationList;
			buildConfigurations = (
				7CA7AE9C28893CB300501BAB /* Debug */,
				7CA7AE9D28893CB300501BAB /* Release */,
			);
			defaultConfigurationIsVisible = 0;
			defaultConfigurationName = Release;
		};
		7CA7AE9E28893CB300501BAB /* Build configuration list for PBXNativeTarget "gitCheck" */ = {
			isa = XCConfigurationList;
			buildConfigurations = (
				7CA7AE9F28893CB300501BAB /* Debug */,
				7CA7AEA028893CB300501BAB /* Release */,
			);
			defaultConfigurationIsVisible = 0;
			defaultConfigurationName = Release;
		};
		7CA7AEA128893CB300501BAB /* Build configuration list for PBXNativeTarget "gitCheckTests" */ = {
			isa = XCConfigurationList;
			buildConfigurations = (
				7CA7AEA228893CB300501BAB /* Debug */,
				7CA7AEA328893CB300501BAB /* Release */,
			);
			defaultConfigurationIsVisible = 0;
			defaultConfigurationName = Release;
		};
		7CA7AEA428893CB300501BAB /* Build configuration list for PBXNativeTarget "gitCheckUITests" */ = {
			isa = XCConfigurationList;
			buildConfigurations = (
				7CA7AEA528893CB300501BAB /* Debug */,
				7CA7AEA628893CB300501BAB /* Release */,
			);
			defaultConfigurationIsVisible = 0;
			defaultConfigurationName = Release;
		};
/* End XCConfigurationList section */

/* Begin XCVersionGroup section */
		7CA7AE7D28893CB000501BAB /* gitCheck.xcdatamodeld */ = {
			isa = XCVersionGroup;
			children = (
				7CA7AE7E28893CB000501BAB /* gitCheck.xcdatamodel */,
			);
			currentVersion = 7CA7AE7E28893CB000501BAB /* gitCheck.xcdatamodel */;
			path = gitCheck.xcdatamodeld;
			sourceTree = "<group>";
			versionGroupType = wrapper.xcdatamodel;
		};
/* End XCVersionGroup section */
	};
	rootObject = 7CA7AE6928893CB000501BAB /* Project object */;
}
